{
  "name": "react-dazzle",
  "version": "1.2.7",
  "lockfileVersion": 1,
  "requires": true,
  "dependencies": {
    "babel-cli": {
      "version": "6.24.1",
      "resolved": "https://registry.npmjs.org/babel-cli/-/babel-cli-6.24.1.tgz",
      "integrity": "sha1-IHzXBbumFImy6kG1MSNBz2rKIoM=",
      "dev": true
    },
    "babel-core": {
      "version": "6.25.0",
      "resolved": "https://registry.npmjs.org/babel-core/-/babel-core-6.25.0.tgz",
      "integrity": "sha1-fdQrBGPHQunVKW3rPsZ6kyLa1yk=",
      "dev": true
    },
    "babel-eslint": {
      "version": "6.1.2",
      "resolved": "https://registry.npmjs.org/babel-eslint/-/babel-eslint-6.1.2.tgz",
      "integrity": "sha1-UpNBn+NnLWZZjTJ9qWlFZ7pqXy8=",
      "dev": true
    },
    "babel-loader": {
      "version": "6.4.1",
      "resolved": "https://registry.npmjs.org/babel-loader/-/babel-loader-6.4.1.tgz",
      "integrity": "sha1-CzQRLVsHSKjc2/Uaz2+b1C1QuMo=",
      "dev": true
    },
    "babel-plugin-transform-decorators-legacy": {
      "version": "1.3.4",
      "resolved": "https://registry.npmjs.org/babel-plugin-transform-decorators-legacy/-/babel-plugin-transform-decorators-legacy-1.3.4.tgz",
      "integrity": "sha1-dBtY9sW86eYCfgiC2cmU8E82aSU=",
      "dev": true
    },
    "babel-preset-es2015": {
      "version": "6.24.1",
      "resolved": "https://registry.npmjs.org/babel-preset-es2015/-/babel-preset-es2015-6.24.1.tgz",
      "integrity": "sha1-1EBQ1rwsn+6nAqrzjXJ6AhBTiTk=",
      "dev": true
    },
    "babel-preset-react": {
      "version": "6.24.1",
      "resolved": "https://registry.npmjs.org/babel-preset-react/-/babel-preset-react-6.24.1.tgz",
      "integrity": "sha1-umnfrqRfw+xjm2pOzqbhdwLJE4A=",
      "dev": true
    },
    "babel-preset-stage-0": {
      "version": "6.24.1",
      "resolved": "https://registry.npmjs.org/babel-preset-stage-0/-/babel-preset-stage-0-6.24.1.tgz",
      "integrity": "sha1-VkLRUEL5E4TX5a+LyIsduVsDnmo=",
      "dev": true
    },
    "bootstrap": {
      "version": "3.3.7",
      "resolved": "https://registry.npmjs.org/bootstrap/-/bootstrap-3.3.7.tgz",
      "integrity": "sha1-WjiTlFSfIzMIdaOxUGVldPip63E=",
      "dev": true
    },
    "chai": {
      "version": "3.5.0",
      "resolved": "https://registry.npmjs.org/chai/-/chai-3.5.0.tgz",
      "integrity": "sha1-TQJjewZ/6Vi9v906QOxW/vc3Mkc=",
      "dev": true
    },
    "commitizen": {
      "version": "2.9.6",
      "resolved": "https://registry.npmjs.org/commitizen/-/commitizen-2.9.6.tgz",
      "integrity": "sha1-wNAFNe8mTaf2Nzft/aQiiYP6IpE=",
      "dev": true,
      "dependencies": {
        "glob": {
          "version": "7.1.1",
          "resolved": "https://registry.npmjs.org/glob/-/glob-7.1.1.tgz",
          "integrity": "sha1-gFIR3wT6rxxjo2ADBs31reULLsg="
        },
        "lodash": {
          "version": "4.17.2",
          "resolved": "https://registry.npmjs.org/lodash/-/lodash-4.17.2.tgz",
          "integrity": "sha1-NKMFW6vgTOQkZ7YH1wAHLH/2v0I="
        },
        "minimist": {
          "version": "1.2.0",
          "resolved": "https://registry.npmjs.org/minimist/-/minimist-1.2.0.tgz",
          "integrity": "sha1-o1AIsg9BOD7sH7kU9M1d95omQoQ="
        }
      }
    },
    "cross-env": {
      "version": "1.0.8",
      "resolved": "https://registry.npmjs.org/cross-env/-/cross-env-1.0.8.tgz",
      "integrity": "sha1-K950jvx4D1bd8H6mn8rYdTV3dM4=",
      "dev": true,
      "dependencies": {
        "lodash.assign": {
          "version": "3.2.0",
          "resolved": "https://registry.npmjs.org/lodash.assign/-/lodash.assign-3.2.0.tgz",
          "integrity": "sha1-POnwI0tLIiPilrj6CsH+6OvKZPo="
        }
      }
    },
    "css-loader": {
      "version": "0.23.1",
      "resolved": "https://registry.npmjs.org/css-loader/-/css-loader-0.23.1.tgz",
      "integrity": "sha1-n6I/K1wJZSNZEK1ezvO4o2OQ/lA=",
      "dev": true
    },
    "cz-conventional-changelog": {
      "version": "1.2.0",
      "resolved": "https://registry.npmjs.org/cz-conventional-changelog/-/cz-conventional-changelog-1.2.0.tgz",
      "integrity": "sha1-K8oElkyJGbI/P9aonvXmAIsxs/g=",
      "dev": true
    },
    "disposables": {
      "version": "1.0.1",
      "resolved": "https://registry.npmjs.org/disposables/-/disposables-1.0.1.tgz",
      "integrity": "sha1-BkcnoltU9QK9griaot+4358bOeM="
    },
    "enzyme": {
      "version": "2.9.1",
      "resolved": "https://registry.npmjs.org/enzyme/-/enzyme-2.9.1.tgz",
      "integrity": "sha1-B9XOaRJBJA+4F78sSxjW5TAkDfY=",
      "dev": true
    },
    "eslint": {
      "version": "2.5.2",
      "resolved": "https://registry.npmjs.org/eslint/-/eslint-2.5.2.tgz",
      "integrity": "sha1-Wiw1yDvxg6TKAoiRU7TxRhq2Lh4=",
      "dev": true,
      "dependencies": {
        "chalk": {
          "version": "1.1.1",
          "bundled": true,
          "dependencies": {
            "ansi-styles": {
              "version": "2.2.0",
              "bundled": true,
              "dependencies": {
                "color-convert": {
                  "version": "1.0.0",
                  "bundled": true
                }
              }
            },
            "escape-string-regexp": {
              "version": "1.0.5",
              "bundled": true
            },
            "has-ansi": {
              "version": "2.0.0",
              "bundled": true,
              "dependencies": {
                "ansi-regex": {
                  "version": "2.0.0",
                  "bundled": true
                }
              }
            },
            "strip-ansi": {
              "version": "3.0.1",
              "bundled": true,
              "dependencies": {
                "ansi-regex": {
                  "version": "2.0.0",
                  "bundled": true
                }
              }
            },
            "supports-color": {
              "version": "2.0.0",
              "bundled": true
            }
          }
        },
        "concat-stream": {
          "version": "1.5.1",
          "bundled": true,
          "dependencies": {
            "inherits": {
              "version": "2.0.1",
              "bundled": true
            },
            "readable-stream": {
              "version": "2.0.6",
              "bundled": true,
              "dependencies": {
                "core-util-is": {
                  "version": "1.0.2",
                  "bundled": true
                },
                "isarray": {
                  "version": "1.0.0",
                  "bundled": true
                },
                "process-nextick-args": {
                  "version": "1.0.6",
                  "bundled": true
                },
                "string_decoder": {
                  "version": "0.10.31",
                  "bundled": true
                },
                "util-deprecate": {
                  "version": "1.0.2",
                  "bundled": true
                }
              }
            },
            "typedarray": {
              "version": "0.0.6",
              "bundled": true
            }
          }
        },
        "debug": {
          "version": "2.2.0",
          "bundled": true,
          "dependencies": {
            "ms": {
              "version": "0.7.1",
              "bundled": true
            }
          }
        },
        "doctrine": {
          "version": "1.2.0",
          "resolved": "https://registry.npmjs.org/doctrine/-/doctrine-1.2.0.tgz",
          "integrity": "sha1-/wravWhrT66x4rXHdcNKdFOeeE8=",
          "dependencies": {
            "esutils": {
              "version": "1.1.6",
              "resolved": "https://registry.npmjs.org/esutils/-/esutils-1.1.6.tgz",
              "integrity": "sha1-wBzKqa5LiXxtDD4hCuUvPHqEQ3U="
            },
            "isarray": {
              "version": "1.0.0",
              "resolved": "https://registry.npmjs.org/isarray/-/isarray-1.0.0.tgz",
              "integrity": "sha1-u5NdSFgsuhaMBoNJV6VKPgcSTxE="
            }
          }
        },
        "es6-map": {
          "version": "0.1.3",
          "bundled": true,
          "dependencies": {
            "d": {
              "version": "0.1.1",
              "bundled": true
            },
            "es5-ext": {
              "version": "0.10.11",
              "bundled": true
            },
            "es6-iterator": {
              "version": "2.0.0",
              "bundled": true
            },
            "es6-set": {
              "version": "0.1.4",
              "bundled": true
            },
            "es6-symbol": {
              "version": "3.0.2",
              "bundled": true
            },
            "event-emitter": {
              "version": "0.3.4",
              "bundled": true
            }
          }
        },
        "escope": {
          "version": "3.6.0",
          "resolved": "https://registry.npmjs.org/escope/-/escope-3.6.0.tgz",
          "integrity": "sha1-4Bl16BJ4GhY6ba392AOY3GTIicM=",
          "dependencies": {
            "es6-weak-map": {
              "version": "2.0.1",
              "resolved": "https://registry.npmjs.org/es6-weak-map/-/es6-weak-map-2.0.1.tgz",
              "integrity": "sha1-DSu9iCfrX7S6j5f7/qUNQ9sh6oE=",
              "dependencies": {
                "d": {
                  "version": "0.1.1",
                  "resolved": "https://registry.npmjs.org/d/-/d-0.1.1.tgz",
                  "integrity": "sha1-2hhMU10Y2O57oqoim5FACfrhEwk="
                },
                "es5-ext": {
                  "version": "0.10.11",
                  "resolved": "https://registry.npmjs.org/es5-ext/-/es5-ext-0.10.11.tgz",
                  "integrity": "sha1-gYTD5wWoIJSMLb4EOEk3mx29DEU="
                },
                "es6-iterator": {
                  "version": "2.0.0",
                  "resolved": "https://registry.npmjs.org/es6-iterator/-/es6-iterator-2.0.0.tgz",
                  "integrity": "sha1-vZaFZ9YWNeM8C4BydhPJy0sJa6w="
                },
                "es6-symbol": {
                  "version": "3.0.2",
                  "resolved": "https://registry.npmjs.org/es6-symbol/-/es6-symbol-3.0.2.tgz",
                  "integrity": "sha1-HpKIeMb15jVBYltLtN9K8H0VQhk="
                }
              }
            },
            "esrecurse": {
              "version": "4.1.0",
              "resolved": "https://registry.npmjs.org/esrecurse/-/esrecurse-4.1.0.tgz",
              "integrity": "sha1-RxO2U2rffyrE8yfVWed1a/9kgiA=",
              "dependencies": {
                "estraverse": {
                  "version": "4.1.1",
                  "resolved": "https://registry.npmjs.org/estraverse/-/estraverse-4.1.1.tgz",
                  "integrity": "sha1-9srKcokzqFDvkGYdDheYK6RxEaI="
                },
                "object-assign": {
                  "version": "4.0.1",
                  "resolved": "https://registry.npmjs.org/object-assign/-/object-assign-4.0.1.tgz",
                  "integrity": "sha1-mVBEVsNZi1ytT8WcJuipuxB/4L0="
                }
              }
            }
          }
        },
        "espree": {
          "version": "3.1.3",
          "bundled": true,
          "dependencies": {
            "acorn": {
              "version": "3.0.4",
              "bundled": true
            },
            "acorn-jsx": {
              "version": "2.0.1",
              "bundled": true,
              "dependencies": {
                "acorn": {
                  "version": "2.7.0",
                  "bundled": true
                }
              }
            }
          }
        },
        "estraverse": {
          "version": "4.2.0",
          "resolved": "https://registry.npmjs.org/estraverse/-/estraverse-4.2.0.tgz",
          "integrity": "sha1-De4/7TH81GlhjOc0IJn8GvoL2xM="
        },
        "esutils": {
          "version": "2.0.2",
          "bundled": true
        },
        "file-entry-cache": {
          "version": "1.2.4",
          "bundled": true,
          "dependencies": {
            "flat-cache": {
              "version": "1.0.10",
              "bundled": true,
              "dependencies": {
                "del": {
                  "version": "2.2.0",
                  "bundled": true,
                  "dependencies": {
                    "globby": {
                      "version": "4.0.0",
                      "bundled": true,
                      "dependencies": {
                        "array-union": {
                          "version": "1.0.1",
                          "bundled": true,
                          "dependencies": {
                            "array-uniq": {
                              "version": "1.0.2",
                              "bundled": true
                            }
                          }
                        },
                        "arrify": {
                          "version": "1.0.1",
                          "bundled": true
                        },
                        "glob": {
                          "version": "6.0.4",
                          "bundled": true,
                          "dependencies": {
                            "inflight": {
                              "version": "1.0.4",
                              "bundled": true,
                              "dependencies": {
                                "wrappy": {
                                  "version": "1.0.1",
                                  "bundled": true
                                }
                              }
                            },
                            "inherits": {
                              "version": "2.0.1",
                              "bundled": true
                            },
                            "minimatch": {
                              "version": "3.0.0",
                              "bundled": true,
                              "dependencies": {
                                "brace-expansion": {
                                  "version": "1.1.3",
                                  "bundled": true,
                                  "dependencies": {
                                    "balanced-match": {
                                      "version": "0.3.0",
                                      "bundled": true
                                    },
                                    "concat-map": {
                                      "version": "0.0.1",
                                      "bundled": true
                                    }
                                  }
                                }
                              }
                            },
                            "once": {
                              "version": "1.3.3",
                              "bundled": true,
                              "dependencies": {
                                "wrappy": {
                                  "version": "1.0.1",
                                  "bundled": true
                                }
                              }
                            }
                          }
                        }
                      }
                    },
                    "is-path-cwd": {
                      "version": "1.0.0",
                      "bundled": true
                    },
                    "is-path-in-cwd": {
                      "version": "1.0.0",
                      "bundled": true,
                      "dependencies": {
                        "is-path-inside": {
                          "version": "1.0.0",
                          "bundled": true
                        }
                      }
                    },
                    "pify": {
                      "version": "2.3.0",
                      "bundled": true
                    },
                    "pinkie-promise": {
                      "version": "2.0.0",
                      "bundled": true,
                      "dependencies": {
                        "pinkie": {
                          "version": "2.0.4",
                          "bundled": true
                        }
                      }
                    },
                    "rimraf": {
                      "version": "2.5.2",
                      "bundled": true
                    }
                  }
                },
                "graceful-fs": {
                  "version": "4.1.3",
                  "bundled": true
                },
                "read-json-sync": {
                  "version": "1.1.1",
                  "bundled": true
                },
                "write": {
                  "version": "0.2.1",
                  "bundled": true
                }
              }
            },
            "object-assign": {
              "version": "4.0.1",
              "bundled": true
            }
          }
        },
        "glob": {
          "version": "7.0.3",
          "bundled": true,
          "dependencies": {
            "inflight": {
              "version": "1.0.4",
              "bundled": true,
              "dependencies": {
                "wrappy": {
                  "version": "1.0.1",
                  "bundled": true
                }
              }
            },
            "inherits": {
              "version": "2.0.1",
              "bundled": true
            },
            "minimatch": {
              "version": "3.0.0",
              "bundled": true,
              "dependencies": {
                "brace-expansion": {
                  "version": "1.1.3",
                  "bundled": true,
                  "dependencies": {
                    "balanced-match": {
                      "version": "0.3.0",
                      "bundled": true
                    },
                    "concat-map": {
                      "version": "0.0.1",
                      "bundled": true
                    }
                  }
                }
              }
            },
            "once": {
              "version": "1.3.3",
              "bundled": true,
              "dependencies": {
                "wrappy": {
                  "version": "1.0.1",
                  "bundled": true
                }
              }
            }
          }
        },
        "globals": {
          "version": "9.2.0",
          "bundled": true
        },
        "ignore": {
          "version": "3.0.12",
          "bundled": true
        },
        "imurmurhash": {
          "version": "0.1.4",
          "bundled": true
        },
        "inquirer": {
          "version": "0.12.0",
          "bundled": true,
          "dependencies": {
            "ansi-escapes": {
              "version": "1.3.0",
              "bundled": true
            },
            "ansi-regex": {
              "version": "2.0.0",
              "bundled": true
            },
            "cli-cursor": {
              "version": "1.0.2",
              "bundled": true,
              "dependencies": {
                "restore-cursor": {
                  "version": "1.0.1",
                  "bundled": true,
                  "dependencies": {
                    "exit-hook": {
                      "version": "1.1.1",
                      "bundled": true
                    },
                    "onetime": {
                      "version": "1.1.0",
                      "bundled": true
                    }
                  }
                }
              }
            },
            "cli-width": {
              "version": "2.1.0",
              "bundled": true
            },
            "figures": {
              "version": "1.5.0",
              "bundled": true
            },
            "readline2": {
              "version": "1.0.1",
              "bundled": true,
              "dependencies": {
                "code-point-at": {
                  "version": "1.0.0",
                  "bundled": true,
                  "dependencies": {
                    "number-is-nan": {
                      "version": "1.0.0",
                      "bundled": true
                    }
                  }
                },
                "is-fullwidth-code-point": {
                  "version": "1.0.0",
                  "bundled": true,
                  "dependencies": {
                    "number-is-nan": {
                      "version": "1.0.0",
                      "bundled": true
                    }
                  }
                },
                "mute-stream": {
                  "version": "0.0.5",
                  "bundled": true
                }
              }
            },
            "run-async": {
              "version": "0.1.0",
              "bundled": true,
              "dependencies": {
                "once": {
                  "version": "1.3.3",
                  "bundled": true,
                  "dependencies": {
                    "wrappy": {
                      "version": "1.0.1",
                      "bundled": true
                    }
                  }
                }
              }
            },
            "rx-lite": {
              "version": "3.1.2",
              "bundled": true
            },
            "string-width": {
              "version": "1.0.1",
              "bundled": true,
              "dependencies": {
                "code-point-at": {
                  "version": "1.0.0",
                  "bundled": true,
                  "dependencies": {
                    "number-is-nan": {
                      "version": "1.0.0",
                      "bundled": true
                    }
                  }
                },
                "is-fullwidth-code-point": {
                  "version": "1.0.0",
                  "bundled": true,
                  "dependencies": {
                    "number-is-nan": {
                      "version": "1.0.0",
                      "bundled": true
                    }
                  }
                }
              }
            },
            "strip-ansi": {
              "version": "3.0.1",
              "bundled": true
            }
          }
        },
        "is-my-json-valid": {
          "version": "2.13.1",
          "bundled": true,
          "dependencies": {
            "generate-function": {
              "version": "2.0.0",
              "bundled": true
            },
            "generate-object-property": {
              "version": "1.2.0",
              "bundled": true,
              "dependencies": {
                "is-property": {
                  "version": "1.0.2",
                  "bundled": true
                }
              }
            },
            "jsonpointer": {
              "version": "2.0.0",
              "bundled": true
            },
            "xtend": {
              "version": "4.0.1",
              "bundled": true
            }
          }
        },
        "is-resolvable": {
          "version": "1.0.0",
          "bundled": true,
          "dependencies": {
            "tryit": {
              "version": "1.0.2",
              "bundled": true
            }
          }
        },
        "js-yaml": {
          "version": "3.5.5",
          "bundled": true,
          "dependencies": {
            "argparse": {
              "version": "1.0.7",
              "bundled": true,
              "dependencies": {
                "sprintf-js": {
                  "version": "1.0.3",
                  "bundled": true
                }
              }
            }
          }
        },
        "json-stable-stringify": {
          "version": "1.0.1",
          "bundled": true,
          "dependencies": {
            "jsonify": {
              "version": "0.0.0",
              "bundled": true
            }
          }
        },
        "lodash": {
          "version": "4.6.1",
          "bundled": true
        },
        "mkdirp": {
          "version": "0.5.1",
          "bundled": true,
          "dependencies": {
            "minimist": {
              "version": "0.0.8",
              "bundled": true
            }
          }
        },
        "optionator": {
          "version": "0.8.1",
          "bundled": true,
          "dependencies": {
            "deep-is": {
              "version": "0.1.3",
              "bundled": true
            },
            "fast-levenshtein": {
              "version": "1.1.3",
              "bundled": true
            },
            "levn": {
              "version": "0.3.0",
              "bundled": true
            },
            "prelude-ls": {
              "version": "1.1.2",
              "bundled": true
            },
            "type-check": {
              "version": "0.3.2",
              "bundled": true
            },
            "wordwrap": {
              "version": "1.0.0",
              "bundled": true
            }
          }
        },
        "path-is-absolute": {
          "version": "1.0.0",
          "bundled": true
        },
        "path-is-inside": {
          "version": "1.0.1",
          "bundled": true
        },
        "pluralize": {
          "version": "1.2.1",
          "bundled": true
        },
        "progress": {
          "version": "1.1.8",
          "bundled": true
        },
        "require-uncached": {
          "version": "1.0.2",
          "bundled": true,
          "dependencies": {
            "caller-path": {
              "version": "0.1.0",
              "bundled": true,
              "dependencies": {
                "callsites": {
                  "version": "0.2.0",
                  "bundled": true
                }
              }
            },
            "resolve-from": {
              "version": "1.0.1",
              "bundled": true
            }
          }
        },
        "resolve": {
          "version": "1.1.7",
          "bundled": true
        },
        "shelljs": {
          "version": "0.6.0",
          "bundled": true
        },
        "strip-json-comments": {
          "version": "1.0.4",
          "bundled": true
        },
        "table": {
          "version": "3.7.8",
          "bundled": true,
          "dependencies": {
            "bluebird": {
              "version": "3.3.4",
              "bundled": true
            },
            "slice-ansi": {
              "version": "0.0.4",
              "bundled": true
            },
            "string-width": {
              "version": "1.0.1",
              "bundled": true,
              "dependencies": {
                "code-point-at": {
                  "version": "1.0.0",
                  "bundled": true,
                  "dependencies": {
                    "number-is-nan": {
                      "version": "1.0.0",
                      "bundled": true
                    }
                  }
                },
                "is-fullwidth-code-point": {
                  "version": "1.0.0",
                  "bundled": true,
                  "dependencies": {
                    "number-is-nan": {
                      "version": "1.0.0",
                      "bundled": true
                    }
                  }
                }
              }
            },
            "strip-ansi": {
              "version": "3.0.1",
              "bundled": true,
              "dependencies": {
                "ansi-regex": {
                  "version": "2.0.0",
                  "bundled": true
                }
              }
            },
            "tv4": {
              "version": "1.2.7",
              "bundled": true
            },
            "xregexp": {
              "version": "3.1.0",
              "bundled": true
            }
          }
        },
        "text-table": {
          "version": "0.2.0",
          "bundled": true
        },
        "user-home": {
          "version": "2.0.0",
          "bundled": true,
          "dependencies": {
            "os-homedir": {
              "version": "1.0.1",
              "bundled": true
            }
          }
        }
      }
    },
    "eslint-config-airbnb": {
      "version": "6.2.0",
      "resolved": "https://registry.npmjs.org/eslint-config-airbnb/-/eslint-config-airbnb-6.2.0.tgz",
      "integrity": "sha1-SigZaqRhfeAbjJFOmSqC5dCIam4=",
      "dev": true
    },
    "eslint-loader": {
      "version": "1.8.0",
      "resolved": "https://registry.npmjs.org/eslint-loader/-/eslint-loader-1.8.0.tgz",
      "integrity": "sha512-+d9me9y9t+/k1pY5hsorY685H3yYoQT0t5pZT1TGB7L46VOoLv8+3uKHvkjpUx1aCTjeacbj4yz4s5/LcGolpg==",
      "dev": true,
      "dependencies": {
        "loader-utils": {
          "version": "1.1.0",
          "resolved": "https://registry.npmjs.org/loader-utils/-/loader-utils-1.1.0.tgz",
          "integrity": "sha1-yYrvSIvM7aL/teLeZG1qdUQp9c0="
        }
      }
    },
    "eslint-plugin-react": {
      "version": "4.3.0",
      "resolved": "https://registry.npmjs.org/eslint-plugin-react/-/eslint-plugin-react-4.3.0.tgz",
      "integrity": "sha1-x5qsgGnWLeJ4h8E7gpjVkgiN43g=",
      "dev": true
    },
    "express": {
      "version": "4.15.3",
      "resolved": "https://registry.npmjs.org/express/-/express-4.15.3.tgz",
      "integrity": "sha1-urZdDwOqgMNYQIly/HAPkWlEtmI=",
      "dev": true,
      "dependencies": {
        "debug": {
          "version": "2.6.7",
          "resolved": "https://registry.npmjs.org/debug/-/debug-2.6.7.tgz",
          "integrity": "sha1-krrR9tBbu2u6Isyoi80OyJTChh4="
        }
      }
    },
    "fbjs": {
      "version": "0.8.12",
      "resolved": "https://registry.npmjs.org/fbjs/-/fbjs-0.8.12.tgz",
      "integrity": "sha1-ELXZL3bUVXX9Y6IX1OoCvqL47QQ=",
      "dev": true,
      "dependencies": {
        "core-js": {
          "version": "1.2.7",
          "resolved": "https://registry.npmjs.org/core-js/-/core-js-1.2.7.tgz",
          "integrity": "sha1-ZSKUwUZR2yj6k70tX/KYOk8IxjY="
        }
      }
    },
    "file-loader": {
      "version": "0.8.5",
      "resolved": "https://registry.npmjs.org/file-loader/-/file-loader-0.8.5.tgz",
      "integrity": "sha1-knXQMf54DyfUf19K8CvUNxPMFRs=",
      "dev": true
    },
    "hoist-non-react-statics": {
      "version": "2.5.5",
      "resolved": "https://registry.npmjs.org/hoist-non-react-statics/-/hoist-non-react-statics-2.5.5.tgz",
      "integrity": "sha512-rqcy4pJo55FTTLWt+bU8ukscqHeE/e9KWvsOW2b/a3afxQZhwkQdT1rPPCJ0rYXdj4vNcasY8zHTH+jF/qStxw=="
    },
    "html-webpack-plugin": {
      "version": "2.29.0",
      "resolved": "https://registry.npmjs.org/html-webpack-plugin/-/html-webpack-plugin-2.29.0.tgz",
      "integrity": "sha1-6Yf0IYU9O2k4yMTIFxhC5f0XryM=",
      "dev": true
    },
    "http-proxy": {
      "version": "1.16.2",
      "resolved": "https://registry.npmjs.org/http-proxy/-/http-proxy-1.16.2.tgz",
      "integrity": "sha1-Bt/ykpUr9k2+hHH6nfcwZtTzd0I=",
      "dev": true
    },
    "immutability-helper": {
      "version": "2.9.1",
      "resolved": "https://registry.npmjs.org/immutability-helper/-/immutability-helper-2.9.1.tgz",
      "integrity": "sha512-r/RmRG8xO06s/k+PIaif2r5rGc3j4Yhc01jSBfwPCXDLYZwp/yxralI37Df1mwmuzcCsen/E/ITKcTEvc1PQmQ==",
      "requires": {
        "invariant": "^2.2.0"
      }
    },
    "invariant": {
      "version": "2.2.2",
      "resolved": "https://registry.npmjs.org/invariant/-/invariant-2.2.2.tgz",
      "integrity": "sha1-nh9WrArNtr8wMwbzOL47IErmA2A="
    },
    "istanbul": {
      "version": "1.0.0-alpha.2",
      "resolved": "https://registry.npmjs.org/istanbul/-/istanbul-1.0.0-alpha.2.tgz",
      "integrity": "sha1-BglrwI6Yuq10Sq5Gli2N+frGPQg=",
      "dev": true
    },
    "jsdom": {
      "version": "8.5.0",
      "resolved": "https://registry.npmjs.org/jsdom/-/jsdom-8.5.0.tgz",
      "integrity": "sha1-1Nj12/J2hjW2KmKCO5R89wcevJg=",
      "dev": true
    },
    "json-loader": {
      "version": "0.5.4",
      "resolved": "https://registry.npmjs.org/json-loader/-/json-loader-0.5.4.tgz",
      "integrity": "sha1-i6oTZaYy9Yo8RtIBdfxgAsluN94=",
      "dev": true
    },
    "lodash": {
      "version": "4.17.4",
      "resolved": "https://registry.npmjs.org/lodash/-/lodash-4.17.4.tgz",
      "integrity": "sha1-eCA6TRwyiuHYbcpkYONptX9AVa4="
    },
    "lodash-es": {
      "version": "4.17.15",
      "resolved": "https://registry.npmjs.org/lodash-es/-/lodash-es-4.17.15.tgz",
      "integrity": "sha512-rlrc3yU3+JNOpZ9zj5pQtxnx2THmvRykwL4Xlxoa8I9lHBlVbbyPhgyPMioxVZ4NqyxaVVtaJnzsyOidQIhyyQ=="
    },
    "loose-envify": {
      "version": "1.3.1",
      "resolved": "https://registry.npmjs.org/loose-envify/-/loose-envify-1.3.1.tgz",
      "integrity": "sha1-0aitM/qc4OcT1l/dCsi3SNR4yEg="
    },
    "mocha": {
      "version": "2.5.3",
      "resolved": "https://registry.npmjs.org/mocha/-/mocha-2.5.3.tgz",
      "integrity": "sha1-FhvlvetJZ3HrmzV0UFC2IrWu/Fg=",
      "dev": true,
      "dependencies": {
        "commander": {
          "version": "2.3.0",
          "resolved": "https://registry.npmjs.org/commander/-/commander-2.3.0.tgz",
          "integrity": "sha1-/UMOiJgy7DU7ms0d4hfBHLPu+HM="
        },
        "debug": {
          "version": "2.2.0",
          "resolved": "https://registry.npmjs.org/debug/-/debug-2.2.0.tgz",
          "integrity": "sha1-+HBX6ZWxofauaklgZkE3vFbwOdo="
        },
        "escape-string-regexp": {
          "version": "1.0.2",
          "resolved": "https://registry.npmjs.org/escape-string-regexp/-/escape-string-regexp-1.0.2.tgz",
          "integrity": "sha1-Tbwv5nTnGUnK8/smlc5/LcHZqNE="
        },
        "glob": {
          "version": "3.2.11",
          "resolved": "https://registry.npmjs.org/glob/-/glob-3.2.11.tgz",
          "integrity": "sha1-Spc/Y1uRkPcV0QmH1cAP0oFevj0="
        },
        "lru-cache": {
          "version": "2.7.3",
          "resolved": "https://registry.npmjs.org/lru-cache/-/lru-cache-2.7.3.tgz",
          "integrity": "sha1-bUUk6LlV+V1PW1iFHOId1y+06VI="
        },
        "minimatch": {
          "version": "0.3.0",
          "resolved": "https://registry.npmjs.org/minimatch/-/minimatch-0.3.0.tgz",
          "integrity": "sha1-J12O2qxPG7MyZHIInnlJyDlGmd0="
        },
        "ms": {
          "version": "0.7.1",
          "resolved": "https://registry.npmjs.org/ms/-/ms-0.7.1.tgz",
          "integrity": "sha1-nNE8A62/8ltl7/3nzoZO6VIBcJg="
        },
        "supports-color": {
          "version": "1.2.0",
          "resolved": "https://registry.npmjs.org/supports-color/-/supports-color-1.2.0.tgz",
          "integrity": "sha1-/x7R5hFp0Gs88tWI4YixjYhH4X4="
        }
      }
    },
    "object-assign": {
      "version": "4.1.1",
      "resolved": "https://registry.npmjs.org/object-assign/-/object-assign-4.1.1.tgz",
      "integrity": "sha1-IQmtx5ZYh8/AXLvUQsrIv7s2CGM=",
      "dev": true
    },
    "prop-types": {
      "version": "15.5.10",
      "resolved": "https://registry.npmjs.org/prop-types/-/prop-types-15.5.10.tgz",
      "integrity": "sha1-J5ffwxJhguOpXj37suiT3ddFYVQ="
    },
    "react": {
      "version": "0.14.9",
      "resolved": "https://registry.npmjs.org/react/-/react-0.14.9.tgz",
      "integrity": "sha1-kRCmSXxJ1EuhwO3TF67CnC4NkdE=",
      "dev": true,
      "dependencies": {
        "core-js": {
          "version": "1.2.7",
          "resolved": "https://registry.npmjs.org/core-js/-/core-js-1.2.7.tgz",
          "integrity": "sha1-ZSKUwUZR2yj6k70tX/KYOk8IxjY="
        },
        "fbjs": {
          "version": "0.6.1",
          "resolved": "https://registry.npmjs.org/fbjs/-/fbjs-0.6.1.tgz",
          "integrity": "sha1-lja3cF9bqWhNRLcveDISVK/IYPc="
        },
        "whatwg-fetch": {
          "version": "0.9.0",
          "resolved": "https://registry.npmjs.org/whatwg-fetch/-/whatwg-fetch-0.9.0.tgz",
          "integrity": "sha1-DjaExsuZlbQ+/J3wPkw2XZX9nMA="
        }
      }
    },
    "react-addons-test-utils": {
      "version": "15.6.2",
      "resolved": "https://registry.npmjs.org/react-addons-test-utils/-/react-addons-test-utils-15.6.2.tgz",
      "integrity": "sha1-wStu/cIkfBDae4dw0YUICnsEcVY=",
      "dev": true
    },
    "react-dnd": {
      "version": "2.6.0",
      "resolved": "https://registry.npmjs.org/react-dnd/-/react-dnd-2.6.0.tgz",
      "integrity": "sha1-f6JWds+CfViokSk+PBq1naACVFo=",
      "requires": {
        "disposables": "^1.0.1",
        "dnd-core": "^2.6.0",
        "hoist-non-react-statics": "^2.1.0",
        "invariant": "^2.1.0",
        "lodash": "^4.2.0",
        "prop-types": "^15.5.10"
      },
      "dependencies": {
        "asap": {
          "version": "2.0.6",
          "resolved": "https://registry.npmjs.org/asap/-/asap-2.0.6.tgz",
          "integrity": "sha1-5QNHYR1+aQlDIIu9r+vLwvuGbUY="
        },
        "dnd-core": {
          "version": "2.6.0",
          "resolved": "https://registry.npmjs.org/dnd-core/-/dnd-core-2.6.0.tgz",
          "integrity": "sha1-ErrWbVh0LG5ffPKUP7aFlED4CcQ=",
          "requires": {
            "asap": "^2.0.6",
            "invariant": "^2.0.0",
            "lodash": "^4.2.0",
            "redux": "^3.7.1"
          }
        },
        "redux": {
          "version": "3.7.2",
          "resolved": "https://registry.npmjs.org/redux/-/redux-3.7.2.tgz",
          "integrity": "sha512-pNqnf9q1hI5HHZRBkj3bAngGZW/JMCmexDlOxw4XagXY2o1327nHH54LoTjiPJ0gizoqPDRqWyX/00g0hD6w+A==",
          "requires": {
            "lodash": "^4.2.1",
            "lodash-es": "^4.2.1",
            "loose-envify": "^1.1.0",
            "symbol-observable": "^1.0.3"
          }
        }
      }
    },
    "react-dnd-html5-backend": {
      "version": "2.6.0",
      "resolved": "https://registry.npmjs.org/react-dnd-html5-backend/-/react-dnd-html5-backend-2.6.0.tgz",
      "integrity": "sha1-WQzRzKeEQbsnTt1XH+9MCxbdz44=",
      "requires": {
        "lodash": "^4.2.0"
      }
    },
    "react-dom": {
      "version": "15.6.2",
      "resolved": "https://registry.npmjs.org/react-dom/-/react-dom-15.6.2.tgz",
      "integrity": "sha1-Qc+t9pO3V/rycIRDodH9WgK+9zA=",
      "dev": true,
      "requires": {
        "fbjs": "^0.8.9",
        "loose-envify": "^1.1.0",
        "object-assign": "^4.1.0",
        "prop-types": "^15.5.10"
      }
    },
    "react-hot-loader": {
      "version": "1.3.1",
      "resolved": "https://registry.npmjs.org/react-hot-loader/-/react-hot-loader-1.3.1.tgz",
      "integrity": "sha1-yVZHrni3Pfzv9uxx/8sEGC/22vk=",
      "dev": true,
      "dependencies": {
        "source-map": {
          "version": "0.4.4",
          "resolved": "https://registry.npmjs.org/source-map/-/source-map-0.4.4.tgz",
          "integrity": "sha1-66T12pwNyZneaAMti092FzZSA2s="
        }
      }
    },
    "react-modal": {
      "version": "1.9.7",
      "resolved": "https://registry.npmjs.org/react-modal/-/react-modal-1.9.7.tgz",
      "integrity": "sha512-oZNqI0ZnPD7NnfObrCMz2hxHTAw5oEuhZJ+gnyFNIQB2rR8h1YbLQTfhms1mtSJigb0J23OOWElHjXYYaKO+wg==",
      "dev": true
    },
    "rimraf": {
      "version": "2.6.1",
      "resolved": "https://registry.npmjs.org/rimraf/-/rimraf-2.6.1.tgz",
      "integrity": "sha1-wjOOxkPfeht/5cVPqG9XQopV8z0=",
      "dev": true
    },
    "semantic-release": {
      "version": "4.3.5",
      "resolved": "https://registry.npmjs.org/semantic-release/-/semantic-release-4.3.5.tgz",
      "integrity": "sha1-33MZ57GMuYCCnpSS540ZYq9uORE=",
      "dev": true,
      "dependencies": {
        "lodash": {
          "version": "3.10.1",
          "resolved": "https://registry.npmjs.org/lodash/-/lodash-3.10.1.tgz",
          "integrity": "sha1-W/Rejkm6QYnhfUgnid/RW9FAt7Y="
        }
      }
    },
    "sinon": {
      "version": "1.17.7",
      "resolved": "https://registry.npmjs.org/sinon/-/sinon-1.17.7.tgz",
      "integrity": "sha1-RUKk9JugxFwF6y6d2dID4rjv4L8=",
      "dev": true
    },
    "source-map-loader": {
      "version": "0.1.6",
      "resolved": "https://registry.npmjs.org/source-map-loader/-/source-map-loader-0.1.6.tgz",
      "integrity": "sha1-wJkD2m1zueU7ftjuUkVZcFHpjpE=",
      "dev": true,
      "dependencies": {
        "async": {
          "version": "0.9.2",
          "resolved": "https://registry.npmjs.org/async/-/async-0.9.2.tgz",
          "integrity": "sha1-rqdNXmHB+JlhO/ZL2mbUx48v0X0="
        },
        "source-map": {
          "version": "0.1.43",
          "resolved": "https://registry.npmjs.org/source-map/-/source-map-0.1.43.tgz",
          "integrity": "sha1-wkvBRspRfBRx9drL4lcbK3+eM0Y="
        }
      }
    },
    "style-loader": {
      "version": "0.13.2",
      "resolved": "https://registry.npmjs.org/style-loader/-/style-loader-0.13.2.tgz",
      "integrity": "sha1-dFMzhM9pjHEEx5URULSXF63C87s=",
      "dev": true,
      "dependencies": {
        "loader-utils": {
          "version": "1.1.0",
          "resolved": "https://registry.npmjs.org/loader-utils/-/loader-utils-1.1.0.tgz",
          "integrity": "sha1-yYrvSIvM7aL/teLeZG1qdUQp9c0="
        }
      }
    },
    "stylelint": {
      "version": "5.4.0",
      "resolved": "https://registry.npmjs.org/stylelint/-/stylelint-5.4.0.tgz",
      "integrity": "sha1-VmWHAGOoJnThcbhU63yUiE7A9Y4=",
      "dev": true,
      "dependencies": {
        "balanced-match": {
          "version": "0.3.0",
          "resolved": "https://registry.npmjs.org/balanced-match/-/balanced-match-0.3.0.tgz",
          "integrity": "sha1-qRzdHr7xqGZZ5w/03vAWJfwtZ1Y="
        },
        "get-stdin": {
          "version": "5.0.1",
          "resolved": "https://registry.npmjs.org/get-stdin/-/get-stdin-5.0.1.tgz",
          "integrity": "sha1-Ei4WFZHiH/TFJTAwVpPyDmOTo5g="
        },
        "postcss-selector-parser": {
          "version": "1.3.3",
          "resolved": "https://registry.npmjs.org/postcss-selector-parser/-/postcss-selector-parser-1.3.3.tgz",
          "integrity": "sha1-0u4Z33pk+O8hwacchvfUg1yIwoE="
        }
      }
    },
    "symbol-observable": {
      "version": "1.0.4",
      "resolved": "https://registry.npmjs.org/symbol-observable/-/symbol-observable-1.0.4.tgz",
      "integrity": "sha1-Kb9hXUqnEhvdiYsi1LP5vE4qoD0="
    },
    "url-loader": {
      "version": "0.5.9",
      "resolved": "https://registry.npmjs.org/url-loader/-/url-loader-0.5.9.tgz",
      "integrity": "sha512-B7QYFyvv+fOBqBVeefsxv6koWWtjmHaMFT6KZWti4KRw8YUD/hOU+3AECvXuzyVawIBx3z7zQRejXCDSO5kk1Q==",
      "dev": true,
      "dependencies": {
        "loader-utils": {
          "version": "1.1.0",
          "resolved": "https://registry.npmjs.org/loader-utils/-/loader-utils-1.1.0.tgz",
          "integrity": "sha1-yYrvSIvM7aL/teLeZG1qdUQp9c0="
        }
      }
    },
    "webpack": {
      "version": "1.15.0",
      "resolved": "https://registry.npmjs.org/webpack/-/webpack-1.15.0.tgz",
      "integrity": "sha1-T/MfU9sDM55VFkqdRo7gMklo/pg=",
      "dev": true,
      "dependencies": {
        "acorn": {
          "version": "3.3.0",
          "resolved": "https://registry.npmjs.org/acorn/-/acorn-3.3.0.tgz",
          "integrity": "sha1-ReN/s56No/JbruP/U2niu18iAXo="
        },
        "interpret": {
          "version": "0.6.6",
          "resolved": "https://registry.npmjs.org/interpret/-/interpret-0.6.6.tgz",
          "integrity": "sha1-/s16GOfOXKar+5U+H4YhOknxYls="
        },
        "supports-color": {
          "version": "3.2.3",
          "resolved": "https://registry.npmjs.org/supports-color/-/supports-color-3.2.3.tgz",
          "integrity": "sha1-ZawFBLOVQXHYpklGsq48u4pfVPY="
        },
        "uglify-js": {
          "version": "2.7.5",
          "resolved": "https://registry.npmjs.org/uglify-js/-/uglify-js-2.7.5.tgz",
          "integrity": "sha1-RhLAx7qu4rp8SH3kkErhIgefLKg=",
          "dependencies": {
            "async": {
              "version": "0.2.10",
              "resolved": "https://registry.npmjs.org/async/-/async-0.2.10.tgz",
              "integrity": "sha1-trvgsGdLnXGXCMo43owjfLUmw9E="
            }
          }
        }
      }
    },
    "webpack-dev-server": {
      "version": "1.16.5",
      "resolved": "https://registry.npmjs.org/webpack-dev-server/-/webpack-dev-server-1.16.5.tgz",
      "integrity": "sha1-DL1fLSrI1OWTqs1clwLnu9XlmJI=",
      "dev": true,
      "dependencies": {
        "supports-color": {
          "version": "3.2.3",
          "resolved": "https://registry.npmjs.org/supports-color/-/supports-color-3.2.3.tgz",
          "integrity": "sha1-ZawFBLOVQXHYpklGsq48u4pfVPY="
        }
      }
    },
    "webpack-hot-middleware": {
      "version": "2.18.0",
      "resolved": "https://registry.npmjs.org/webpack-hot-middleware/-/webpack-hot-middleware-2.18.0.tgz",
      "integrity": "sha1-oWu1Nbg6aslKeKxevOTzBZ6CdNM=",
      "dev": true
    },
    "winston": {
      "version": "2.3.1",
      "resolved": "https://registry.npmjs.org/winston/-/winston-2.3.1.tgz",
      "integrity": "sha1-C0hCDZeMAYBM8CMLZIhhWYIloRk=",
      "dev": true,
      "dependencies": {
        "async": {
          "version": "1.0.0",
          "resolved": "https://registry.npmjs.org/async/-/async-1.0.0.tgz",
          "integrity": "sha1-+PwEyjoTeErenhZBr5hXjPvWR6k="
        },
        "colors": {
          "version": "1.0.3",
          "resolved": "https://registry.npmjs.org/colors/-/colors-1.0.3.tgz",
          "integrity": "sha1-BDP0TYCWgP3rYO0mDxsMJi6CpAs="
        }
      }
    }
  }
}
